Microsoft Visual Studio Solution File, Format Version 7.00
Project("{FAE04EC0-301F-11D3-BF4B-00C04F79EFBC}") = "informe_beneficios", "http://localhost/reportes/informe_beneficios/informe_beneficios.csproj", "{7EB6B0F7-8959-4B44-85F3-4F90F7301E00}"
EndProject
Global
	GlobalSection(SolutionConfiguration) = preSolution
		ConfigName.0 = Debug
		ConfigName.1 = Release
	EndGlobalSection
	GlobalSection(ProjectDependencies) = postSolution
	EndGlobalSection
	GlobalSection(ProjectConfiguration) = postSolution
		{7EB6B0F7-8959-4B44-85F3-4F90F7301E00}.Debug.ActiveCfg = Debug|.NET
		{7EB6B0F7-8959-4B44-85F3-4F90F7301E00}.Debug.Build.0 = Debug|.NET
		{7EB6B0F7-8959-4B44-85F3-4F90F7301E00}.Release.ActiveCfg = Release|.NET
		{7EB6B0F7-8959-4B44-85F3-4F90F7301E00}.Release.Build.0 = Release|.NET
	EndGlobalSection
	GlobalSection(ExtensibilityGlobals) = postSolution
	EndGlobalSection
	GlobalSection(ExtensibilityAddIns) = postSolution
	EndGlobalSection
EndGlobal
