Microsoft Visual Studio Solution File, Format Version 7.00
Project("{FAE04EC0-301F-11D3-BF4B-00C04F79EFBC}") = "procedencia", "http://127.0.0.1/reportes/procedencia/procedencia.csproj", "{32905DD0-4846-4128-A44D-496C06A0D465}"
EndProject
Global
	GlobalSection(SolutionConfiguration) = preSolution
		ConfigName.0 = Debug
		ConfigName.1 = Release
	EndGlobalSection
	GlobalSection(ProjectDependencies) = postSolution
	EndGlobalSection
	GlobalSection(ProjectConfiguration) = postSolution
		{32905DD0-4846-4128-A44D-496C06A0D465}.Debug.ActiveCfg = Debug|.NET
		{32905DD0-4846-4128-A44D-496C06A0D465}.Debug.Build.0 = Debug|.NET
		{32905DD0-4846-4128-A44D-496C06A0D465}.Release.ActiveCfg = Release|.NET
		{32905DD0-4846-4128-A44D-496C06A0D465}.Release.Build.0 = Release|.NET
	EndGlobalSection
	GlobalSection(ExtensibilityGlobals) = postSolution
	EndGlobalSection
	GlobalSection(ExtensibilityAddIns) = postSolution
	EndGlobalSection
EndGlobal
