Microsoft Visual Studio Solution File, Format Version 7.00
Project("{FAE04EC0-301F-11D3-BF4B-00C04F79EFBC}") = "codigo_barra_alumnos", "http://localhost/reportes/codigo_barra_alumnos/codigo_barra_alumnos.csproj", "{A404ECE0-77A3-4DA3-B7A6-833765E277D3}"
EndProject
Global
	GlobalSection(SolutionConfiguration) = preSolution
		ConfigName.0 = Debug
		ConfigName.1 = Release
	EndGlobalSection
	GlobalSection(ProjectDependencies) = postSolution
	EndGlobalSection
	GlobalSection(ProjectConfiguration) = postSolution
		{A404ECE0-77A3-4DA3-B7A6-833765E277D3}.Debug.ActiveCfg = Debug|.NET
		{A404ECE0-77A3-4DA3-B7A6-833765E277D3}.Debug.Build.0 = Debug|.NET
		{A404ECE0-77A3-4DA3-B7A6-833765E277D3}.Release.ActiveCfg = Release|.NET
		{A404ECE0-77A3-4DA3-B7A6-833765E277D3}.Release.Build.0 = Release|.NET
	EndGlobalSection
	GlobalSection(ExtensibilityGlobals) = postSolution
	EndGlobalSection
	GlobalSection(ExtensibilityAddIns) = postSolution
	EndGlobalSection
EndGlobal
