Microsoft Visual Studio Solution File, Format Version 7.00
Project("{FAE04EC0-301F-11D3-BF4B-00C04F79EFBC}") = "contrato_antiguo", "http://localhost/reportes/contrato_antiguo/contrato_antiguo.csproj", "{A9BDA687-90C6-4ED8-BE07-D79E69A4B5C3}"
EndProject
Global
	GlobalSection(SolutionConfiguration) = preSolution
		ConfigName.0 = Debug
		ConfigName.1 = Release
	EndGlobalSection
	GlobalSection(ProjectDependencies) = postSolution
	EndGlobalSection
	GlobalSection(ProjectConfiguration) = postSolution
		{A9BDA687-90C6-4ED8-BE07-D79E69A4B5C3}.Debug.ActiveCfg = Debug|.NET
		{A9BDA687-90C6-4ED8-BE07-D79E69A4B5C3}.Debug.Build.0 = Debug|.NET
		{A9BDA687-90C6-4ED8-BE07-D79E69A4B5C3}.Release.ActiveCfg = Release|.NET
		{A9BDA687-90C6-4ED8-BE07-D79E69A4B5C3}.Release.Build.0 = Release|.NET
	EndGlobalSection
	GlobalSection(ExtensibilityGlobals) = postSolution
	EndGlobalSection
	GlobalSection(ExtensibilityAddIns) = postSolution
	EndGlobalSection
EndGlobal
