Microsoft Visual Studio Solution File, Format Version 7.00
Project("{FAE04EC0-301F-11D3-BF4B-00C04F79EFBC}") = "MorosidadFinanzas", "http://127.0.0.1/reportes/MorosidadFinanzas/MorosidadFinanzas.csproj", "{4E23208F-9F04-4420-B8CA-2D4F0DC6D5F9}"
EndProject
Global
	GlobalSection(SolutionConfiguration) = preSolution
		ConfigName.0 = Debug
		ConfigName.1 = Release
	EndGlobalSection
	GlobalSection(ProjectDependencies) = postSolution
	EndGlobalSection
	GlobalSection(ProjectConfiguration) = postSolution
		{4E23208F-9F04-4420-B8CA-2D4F0DC6D5F9}.Debug.ActiveCfg = Debug|.NET
		{4E23208F-9F04-4420-B8CA-2D4F0DC6D5F9}.Debug.Build.0 = Debug|.NET
		{4E23208F-9F04-4420-B8CA-2D4F0DC6D5F9}.Release.ActiveCfg = Release|.NET
		{4E23208F-9F04-4420-B8CA-2D4F0DC6D5F9}.Release.Build.0 = Release|.NET
	EndGlobalSection
	GlobalSection(ExtensibilityGlobals) = postSolution
	EndGlobalSection
	GlobalSection(ExtensibilityAddIns) = postSolution
	EndGlobalSection
EndGlobal
