Microsoft Visual Studio Solution File, Format Version 7.00
Project("{FAE04EC0-301F-11D3-BF4B-00C04F79EFBC}") = "repactaciones", "http://localhost/reportes/repactaciones/repactaciones.csproj", "{56A81F02-618C-44BF-BD8F-0EB8DBB05198}"
EndProject
Global
	GlobalSection(SolutionConfiguration) = preSolution
		ConfigName.0 = Debug
		ConfigName.1 = Release
	EndGlobalSection
	GlobalSection(ProjectDependencies) = postSolution
	EndGlobalSection
	GlobalSection(ProjectConfiguration) = postSolution
		{56A81F02-618C-44BF-BD8F-0EB8DBB05198}.Debug.ActiveCfg = Debug|.NET
		{56A81F02-618C-44BF-BD8F-0EB8DBB05198}.Debug.Build.0 = Debug|.NET
		{56A81F02-618C-44BF-BD8F-0EB8DBB05198}.Release.ActiveCfg = Release|.NET
		{56A81F02-618C-44BF-BD8F-0EB8DBB05198}.Release.Build.0 = Release|.NET
	EndGlobalSection
	GlobalSection(ExtensibilityGlobals) = postSolution
	EndGlobalSection
	GlobalSection(ExtensibilityAddIns) = postSolution
	EndGlobalSection
EndGlobal
