Microsoft Visual Studio Solution File, Format Version 7.00
Project("{FAE04EC0-301F-11D3-BF4B-00C04F79EFBC}") = "imp_traspaso_cuotas", "http://localhost/reportes/imp_traspaso_cuotas/imp_traspaso_cuotas.csproj", "{3466C8B4-E3AE-47EF-8906-EFD9DD04B7FB}"
EndProject
Global
	GlobalSection(SolutionConfiguration) = preSolution
		ConfigName.0 = Debug
		ConfigName.1 = Release
	EndGlobalSection
	GlobalSection(ProjectDependencies) = postSolution
	EndGlobalSection
	GlobalSection(ProjectConfiguration) = postSolution
		{3466C8B4-E3AE-47EF-8906-EFD9DD04B7FB}.Debug.ActiveCfg = Debug|.NET
		{3466C8B4-E3AE-47EF-8906-EFD9DD04B7FB}.Debug.Build.0 = Debug|.NET
		{3466C8B4-E3AE-47EF-8906-EFD9DD04B7FB}.Release.ActiveCfg = Release|.NET
		{3466C8B4-E3AE-47EF-8906-EFD9DD04B7FB}.Release.Build.0 = Release|.NET
	EndGlobalSection
	GlobalSection(ExtensibilityGlobals) = postSolution
	EndGlobalSection
	GlobalSection(ExtensibilityAddIns) = postSolution
	EndGlobalSection
EndGlobal
