Microsoft Visual Studio Solution File, Format Version 7.00
Project("{FAE04EC0-301F-11D3-BF4B-00C04F79EFBC}") = "envios_notaria", "http://127.0.0.1/reportes/envios_notaria/envios_notaria.csproj", "{D1CFBC91-74DC-4B4F-A621-1CC321B70664}"
EndProject
Global
	GlobalSection(SolutionConfiguration) = preSolution
		ConfigName.0 = Debug
		ConfigName.1 = Release
	EndGlobalSection
	GlobalSection(ProjectDependencies) = postSolution
	EndGlobalSection
	GlobalSection(ProjectConfiguration) = postSolution
		{D1CFBC91-74DC-4B4F-A621-1CC321B70664}.Debug.ActiveCfg = Debug|.NET
		{D1CFBC91-74DC-4B4F-A621-1CC321B70664}.Debug.Build.0 = Debug|.NET
		{D1CFBC91-74DC-4B4F-A621-1CC321B70664}.Release.ActiveCfg = Release|.NET
		{D1CFBC91-74DC-4B4F-A621-1CC321B70664}.Release.Build.0 = Release|.NET
	EndGlobalSection
	GlobalSection(ExtensibilityGlobals) = postSolution
	EndGlobalSection
	GlobalSection(ExtensibilityAddIns) = postSolution
	EndGlobalSection
EndGlobal
