Microsoft Visual Studio Solution File, Format Version 7.00
Project("{FAE04EC0-301F-11D3-BF4B-00C04F79EFBC}") = "comp_cajas", "http://localhost/reportes/comp_cajas/comp_cajas.csproj", "{97735FBA-2BC3-4652-98BE-2E8E61E45774}"
EndProject
Global
	GlobalSection(SolutionConfiguration) = preSolution
		ConfigName.0 = Debug
		ConfigName.1 = Release
	EndGlobalSection
	GlobalSection(ProjectDependencies) = postSolution
	EndGlobalSection
	GlobalSection(ProjectConfiguration) = postSolution
		{97735FBA-2BC3-4652-98BE-2E8E61E45774}.Debug.ActiveCfg = Debug|.NET
		{97735FBA-2BC3-4652-98BE-2E8E61E45774}.Debug.Build.0 = Debug|.NET
		{97735FBA-2BC3-4652-98BE-2E8E61E45774}.Release.ActiveCfg = Release|.NET
		{97735FBA-2BC3-4652-98BE-2E8E61E45774}.Release.Build.0 = Release|.NET
	EndGlobalSection
	GlobalSection(ExtensibilityGlobals) = postSolution
	EndGlobalSection
	GlobalSection(ExtensibilityAddIns) = postSolution
	EndGlobalSection
EndGlobal
