Microsoft Visual Studio Solution File, Format Version 7.00
Project("{FAE04EC0-301F-11D3-BF4B-00C04F79EFBC}") = "comprobante_prorroga", "http://127.0.0.1/reportes/comprobante_prorroga/comprobante_prorroga.csproj", "{F390372B-0F3C-490F-9FBB-2BAC7EF4EE44}"
EndProject
Global
	GlobalSection(SolutionConfiguration) = preSolution
		ConfigName.0 = Debug
		ConfigName.1 = Release
	EndGlobalSection
	GlobalSection(ProjectDependencies) = postSolution
	EndGlobalSection
	GlobalSection(ProjectConfiguration) = postSolution
		{F390372B-0F3C-490F-9FBB-2BAC7EF4EE44}.Debug.ActiveCfg = Debug|.NET
		{F390372B-0F3C-490F-9FBB-2BAC7EF4EE44}.Debug.Build.0 = Debug|.NET
		{F390372B-0F3C-490F-9FBB-2BAC7EF4EE44}.Release.ActiveCfg = Release|.NET
		{F390372B-0F3C-490F-9FBB-2BAC7EF4EE44}.Release.Build.0 = Release|.NET
	EndGlobalSection
	GlobalSection(ExtensibilityGlobals) = postSolution
	EndGlobalSection
	GlobalSection(ExtensibilityAddIns) = postSolution
	EndGlobalSection
EndGlobal
