Microsoft Visual Studio Solution File, Format Version 7.00
Project("{FAE04EC0-301F-11D3-BF4B-00C04F79EFBC}") = "contratos_otec", "http://localhost/reportes/contratos_otec/contratos_otec.csproj", "{83D39DB9-DA47-4C19-AEBF-65A088607D36}"
EndProject
Global
	GlobalSection(SolutionConfiguration) = preSolution
		ConfigName.0 = Debug
		ConfigName.1 = Release
	EndGlobalSection
	GlobalSection(ProjectDependencies) = postSolution
	EndGlobalSection
	GlobalSection(ProjectConfiguration) = postSolution
		{83D39DB9-DA47-4C19-AEBF-65A088607D36}.Debug.ActiveCfg = Debug|.NET
		{83D39DB9-DA47-4C19-AEBF-65A088607D36}.Debug.Build.0 = Debug|.NET
		{83D39DB9-DA47-4C19-AEBF-65A088607D36}.Release.ActiveCfg = Release|.NET
		{83D39DB9-DA47-4C19-AEBF-65A088607D36}.Release.Build.0 = Release|.NET
	EndGlobalSection
	GlobalSection(ExtensibilityGlobals) = postSolution
	EndGlobalSection
	GlobalSection(ExtensibilityAddIns) = postSolution
	EndGlobalSection
EndGlobal
